
Microsoft Visual Studio Solution File, Format Version 12.00
# Visual Studio 15
VisualStudioVersion = 15.0.26730.10
MinimumVisualStudioVersion = 10.0.40219.1
Project("{888888A0-9F3D-457C-B088-3A5042F75D52}") = "HelperModules", "HelperModules\HelperModules.pyproj", "{471F0B01-94F4-471A-817D-B094D5144765}"
EndProject
Global
	GlobalSection(SolutionConfigurationPlatforms) = preSolution
		Debug|Any CPU = Debug|Any CPU
		Release|Any CPU = Release|Any CPU
	EndGlobalSection
	GlobalSection(ProjectConfigurationPlatforms) = postSolution
		{471F0B01-94F4-471A-817D-B094D5144765}.Debug|Any CPU.ActiveCfg = Debug|Any CPU
		{471F0B01-94F4-471A-817D-B094D5144765}.Release|Any CPU.ActiveCfg = Release|Any CPU
	EndGlobalSection
	GlobalSection(SolutionProperties) = preSolution
		HideSolutionNode = FALSE
	EndGlobalSection
	GlobalSection(ExtensibilityGlobals) = postSolution
		SolutionGuid = {DB98D225-8B47-485D-AD3F-EF90F86BC3F7}
	EndGlobalSection
EndGlobal
